// !$*UTF8*$!
{
	archiveVersion = 1;
	classes = {
	};
	objectVersion = 56;
	objects = {

/* Begin PBXBuildFile section */
		158DAC1E29E6CB770075B354 /* AppDelegate.swift in Sources */ = {isa = PBXBuildFile; fileRef = 158DAC1D29E6CB770075B354 /* AppDelegate.swift */; };
		158DAC2029E6CB770075B354 /* SceneDelegate.swift in Sources */ = {isa = PBXBuildFile; fileRef = 158DAC1F29E6CB770075B354 /* SceneDelegate.swift */; };
		158DAC2229E6CB770075B354 /* MainViewController.swift in Sources */ = {isa = PBXBuildFile; fileRef = 158DAC2129E6CB770075B354 /* MainViewController.swift */; };
		158DAC2529E6CB770075B354 /* Main.storyboard in Resources */ = {isa = PBXBuildFile; fileRef = 158DAC2329E6CB770075B354 /* Main.storyboard */; };
		158DAC2729E6CB780075B354 /* Assets.xcassets in Resources */ = {isa = PBXBuildFile; fileRef = 158DAC2629E6CB780075B354 /* Assets.xcassets */; };
		158DAC2A29E6CB780075B354 /* LaunchScreen.storyboard in Resources */ = {isa = PBXBuildFile; fileRef = 158DAC2829E6CB780075B354 /* LaunchScreen.storyboard */; };
		158DAC3529E6CB780075B354 /* MVP_Learning_1Tests.swift in Sources */ = {isa = PBXBuildFile; fileRef = 158DAC3429E6CB780075B354 /* MVP_Learning_1Tests.swift */; };
		158DAC3F29E6CB780075B354 /* MVP_Learning_1UITests.swift in Sources */ = {isa = PBXBuildFile; fileRef = 158DAC3E29E6CB780075B354 /* MVP_Learning_1UITests.swift */; };
		158DAC4129E6CB780075B354 /* MVP_Learning_1UITestsLaunchTests.swift in Sources */ = {isa = PBXBuildFile; fileRef = 158DAC4029E6CB780075B354 /* MVP_Learning_1UITestsLaunchTests.swift */; };
		158DAC5229E6CBFD0075B354 /* People.swift in Sources */ = {isa = PBXBuildFile; fileRef = 158DAC5129E6CBFD0075B354 /* People.swift */; };
		158DAC5429E6CC2E0075B354 /* Presenter.swift in Sources */ = {isa = PBXBuildFile; fileRef = 158DAC5329E6CC2E0075B354 /* Presenter.swift */; };
		158DAC5629E6CDA20075B354 /* MainView.xib in Resources */ = {isa = PBXBuildFile; fileRef = 158DAC5529E6CDA20075B354 /* MainView.xib */; };
		158DAC5829E6D2550075B354 /* Builder.swift in Sources */ = {isa = PBXBuildFile; fileRef = 158DAC5729E6D2550075B354 /* Builder.swift */; };
		158DAC5A29E6D7560075B354 /* MainTableViewCell.swift in Sources */ = {isa = PBXBuildFile; fileRef = 158DAC5929E6D7560075B354 /* MainTableViewCell.swift */; };
		158DAC5C29E6D8F30075B354 /* View.xib in Resources */ = {isa = PBXBuildFile; fileRef = 158DAC5B29E6D8F30075B354 /* View.xib */; };
/* End PBXBuildFile section */

/* Begin PBXContainerItemProxy section */
		158DAC3129E6CB780075B354 /* PBXContainerItemProxy */ = {
			isa = PBXContainerItemProxy;
			containerPortal = 158DAC1229E6CB770075B354 /* Project object */;
			proxyType = 1;
			remoteGlobalIDString = 158DAC1929E6CB770075B354;
			remoteInfo = "MVP-Learning-1";
		};
		158DAC3B29E6CB780075B354 /* PBXContainerItemProxy */ = {
			isa = PBXContainerItemProxy;
			containerPortal = 158DAC1229E6CB770075B354 /* Project object */;
			proxyType = 1;
			remoteGlobalIDString = 158DAC1929E6CB770075B354;
			remoteInfo = "MVP-Learning-1";
		};
/* End PBXContainerItemProxy section */

/* Begin PBXFileReference section */
		158DAC1A29E6CB770075B354 /* MVP-Learning-1.app */ = {isa = PBXFileReference; explicitFileType = wrapper.application; includeInIndex = 0; path = "MVP-Learning-1.app"; sourceTree = BUILT_PRODUCTS_DIR; };
		158DAC1D29E6CB770075B354 /* AppDelegate.swift */ = {isa = PBXFileReference; lastKnownFileType = sourcecode.swift; path = AppDelegate.swift; sourceTree = "<group>"; };
		158DAC1F29E6CB770075B354 /* SceneDelegate.swift */ = {isa = PBXFileReference; lastKnownFileType = sourcecode.swift; path = SceneDelegate.swift; sourceTree = "<group>"; };
		158DAC2129E6CB770075B354 /* MainViewController.swift */ = {isa = PBXFileReference; lastKnownFileType = sourcecode.swift; path = MainViewController.swift; sourceTree = "<group>"; };
		158DAC2429E6CB770075B354 /* Base */ = {isa = PBXFileReference; lastKnownFileType = file.storyboard; name = Base; path = Base.lproj/Main.storyboard; sourceTree = "<group>"; };
		158DAC2629E6CB780075B354 /* Assets.xcassets */ = {isa = PBXFileReference; lastKnownFileType = folder.assetcatalog; path = Assets.xcassets; sourceTree = "<group>"; };
		158DAC2929E6CB780075B354 /* Base */ = {isa = PBXFileReference; lastKnownFileType = file.storyboard; name = Base; path = Base.lproj/LaunchScreen.storyboard; sourceTree = "<group>"; };
		158DAC2B29E6CB780075B354 /* Info.plist */ = {isa = PBXFileReference; lastKnownFileType = text.plist.xml; path = Info.plist; sourceTree = "<group>"; };
		158DAC3029E6CB780075B354 /* MVP-Learning-1Tests.xctest */ = {isa = PBXFileReference; explicitFileType = wrapper.cfbundle; includeInIndex = 0; path = "MVP-Learning-1Tests.xctest"; sourceTree = BUILT_PRODUCTS_DIR; };
		158DAC3429E6CB780075B354 /* MVP_Learning_1Tests.swift */ = {isa = PBXFileReference; lastKnownFileType = sourcecode.swift; path = MVP_Learning_1Tests.swift; sourceTree = "<group>"; };
		158DAC3A29E6CB780075B354 /* MVP-Learning-1UITests.xctest */ = {isa = PBXFileReference; explicitFileType = wrapper.cfbundle; includeInIndex = 0; path = "MVP-Learning-1UITests.xctest"; sourceTree = BUILT_PRODUCTS_DIR; };
		158DAC3E29E6CB780075B354 /* MVP_Learning_1UITests.swift */ = {isa = PBXFileReference; lastKnownFileType = sourcecode.swift; path = MVP_Learning_1UITests.swift; sourceTree = "<group>"; };
		158DAC4029E6CB780075B354 /* MVP_Learning_1UITestsLaunchTests.swift */ = {isa = PBXFileReference; lastKnownFileType = sourcecode.swift; path = MVP_Learning_1UITestsLaunchTests.swift; sourceTree = "<group>"; };
		158DAC5129E6CBFD0075B354 /* People.swift */ = {isa = PBXFileReference; lastKnownFileType = sourcecode.swift; path = People.swift; sourceTree = "<group>"; };
		158DAC5329E6CC2E0075B354 /* Presenter.swift */ = {isa = PBXFileReference; lastKnownFileType = sourcecode.swift; path = Presenter.swift; sourceTree = "<group>"; };
		158DAC5529E6CDA20075B354 /* MainView.xib */ = {isa = PBXFileReference; lastKnownFileType = file.xib; path = MainView.xib; sourceTree = "<group>"; };
		158DAC5729E6D2550075B354 /* Builder.swift */ = {isa = PBXFileReference; lastKnownFileType = sourcecode.swift; path = Builder.swift; sourceTree = "<group>"; };
		158DAC5929E6D7560075B354 /* MainTableViewCell.swift */ = {isa = PBXFileReference; lastKnownFileType = sourcecode.swift; path = MainTableViewCell.swift; sourceTree = "<group>"; };
		158DAC5B29E6D8F30075B354 /* View.xib */ = {isa = PBXFileReference; lastKnownFileType = file.xib; path = View.xib; sourceTree = "<group>"; };
/* End PBXFileReference section */

/* Begin PBXFrameworksBuildPhase section */
		158DAC1729E6CB770075B354 /* Frameworks */ = {
			isa = PBXFrameworksBuildPhase;
			buildActionMask = 2147483647;
			files = (
			);
			runOnlyForDeploymentPostprocessing = 0;
		};
		158DAC2D29E6CB780075B354 /* Frameworks */ = {
			isa = PBXFrameworksBuildPhase;
			buildActionMask = 2147483647;
			files = (
			);
			runOnlyForDeploymentPostprocessing = 0;
		};
		158DAC3729E6CB780075B354 /* Frameworks */ = {
			isa = PBXFrameworksBuildPhase;
			buildActionMask = 2147483647;
			files = (
			);
			runOnlyForDeploymentPostprocessing = 0;
		};
/* End PBXFrameworksBuildPhase section */

/* Begin PBXGroup section */
		158DAC1129E6CB770075B354 = {
			isa = PBXGroup;
			children = (
				158DAC1C29E6CB770075B354 /* MVP-Learning-1 */,
				158DAC3329E6CB780075B354 /* MVP-Learning-1Tests */,
				158DAC3D29E6CB780075B354 /* MVP-Learning-1UITests */,
				158DAC1B29E6CB770075B354 /* Products */,
			);
			sourceTree = "<group>";
		};
		158DAC1B29E6CB770075B354 /* Products */ = {
			isa = PBXGroup;
			children = (
				158DAC1A29E6CB770075B354 /* MVP-Learning-1.app */,
				158DAC3029E6CB780075B354 /* MVP-Learning-1Tests.xctest */,
				158DAC3A29E6CB780075B354 /* MVP-Learning-1UITests.xctest */,
			);
			name = Products;
			sourceTree = "<group>";
		};
		158DAC1C29E6CB770075B354 /* MVP-Learning-1 */ = {
			isa = PBXGroup;
			children = (
				158DAC1D29E6CB770075B354 /* AppDelegate.swift */,
				158DAC1F29E6CB770075B354 /* SceneDelegate.swift */,
				158DAC4D29E6CB920075B354 /* MainModule */,
				158DAC2629E6CB780075B354 /* Assets.xcassets */,
				158DAC2829E6CB780075B354 /* LaunchScreen.storyboard */,
				158DAC2B29E6CB780075B354 /* Info.plist */,
			);
			path = "MVP-Learning-1";
			sourceTree = "<group>";
		};
		158DAC3329E6CB780075B354 /* MVP-Learning-1Tests */ = {
			isa = PBXGroup;
			children = (
				158DAC3429E6CB780075B354 /* MVP_Learning_1Tests.swift */,
			);
			path = "MVP-Learning-1Tests";
			sourceTree = "<group>";
		};
		158DAC3D29E6CB780075B354 /* MVP-Learning-1UITests */ = {
			isa = PBXGroup;
			children = (
				158DAC3E29E6CB780075B354 /* MVP_Learning_1UITests.swift */,
				158DAC4029E6CB780075B354 /* MVP_Learning_1UITestsLaunchTests.swift */,
			);
			path = "MVP-Learning-1UITests";
			sourceTree = "<group>";
		};
		158DAC4D29E6CB920075B354 /* MainModule */ = {
			isa = PBXGroup;
			children = (
				158DAC5729E6D2550075B354 /* Builder.swift */,
				158DAC4F29E6CBAD0075B354 /* Model */,
				158DAC4E29E6CBA20075B354 /* View */,
				158DAC5029E6CBB50075B354 /* Presenter */,
			);
			path = MainModule;
			sourceTree = "<group>";
		};
		158DAC4E29E6CBA20075B354 /* View */ = {
			isa = PBXGroup;
			children = (
				158DAC2129E6CB770075B354 /* MainViewController.swift */,
				158DAC5929E6D7560075B354 /* MainTableViewCell.swift */,
				158DAC5B29E6D8F30075B354 /* View.xib */,
				158DAC5529E6CDA20075B354 /* MainView.xib */,
				158DAC2329E6CB770075B354 /* Main.storyboard */,
			);
			path = View;
			sourceTree = "<group>";
		};
		158DAC4F29E6CBAD0075B354 /* Model */ = {
			isa = PBXGroup;
			children = (
				158DAC5129E6CBFD0075B354 /* People.swift */,
			);
			path = Model;
			sourceTree = "<group>";
		};
		158DAC5029E6CBB50075B354 /* Presenter */ = {
			isa = PBXGroup;
			children = (
				158DAC5329E6CC2E0075B354 /* Presenter.swift */,
			);
			path = Presenter;
			sourceTree = "<group>";
		};
/* End PBXGroup section */

/* Begin PBXNativeTarget section */
		158DAC1929E6CB770075B354 /* MVP-Learning-1 */ = {
			isa = PBXNativeTarget;
			buildConfigurationList = 158DAC4429E6CB780075B354 /* Build configuration list for PBXNativeTarget "MVP-Learning-1" */;
			buildPhases = (
				158DAC1629E6CB770075B354 /* Sources */,
				158DAC1729E6CB770075B354 /* Frameworks */,
				158DAC1829E6CB770075B354 /* Resources */,
			);
			buildRules = (
			);
			dependencies = (
			);
			name = "MVP-Learning-1";
			productName = "MVP-Learning-1";
			productReference = 158DAC1A29E6CB770075B354 /* MVP-Learning-1.app */;
			productType = "com.apple.product-type.application";
		};
		158DAC2F29E6CB780075B354 /* MVP-Learning-1Tests */ = {
			isa = PBXNativeTarget;
			buildConfigurationList = 158DAC4729E6CB780075B354 /* Build configuration list for PBXNativeTarget "MVP-Learning-1Tests" */;
			buildPhases = (
				158DAC2C29E6CB780075B354 /* Sources */,
				158DAC2D29E6CB780075B354 /* Frameworks */,
				158DAC2E29E6CB780075B354 /* Resources */,
			);
			buildRules = (
			);
			dependencies = (
				158DAC3229E6CB780075B354 /* PBXTargetDependency */,
			);
			name = "MVP-Learning-1Tests";
			productName = "MVP-Learning-1Tests";
			productReference = 158DAC3029E6CB780075B354 /* MVP-Learning-1Tests.xctest */;
			productType = "com.apple.product-type.bundle.unit-test";
		};
		158DAC3929E6CB780075B354 /* MVP-Learning-1UITests */ = {
			isa = PBXNativeTarget;
			buildConfigurationList = 158DAC4A29E6CB780075B354 /* Build configuration list for PBXNativeTarget "MVP-Learning-1UITests" */;
			buildPhases = (
				158DAC3629E6CB780075B354 /* Sources */,
				158DAC3729E6CB780075B354 /* Frameworks */,
				158DAC3829E6CB780075B354 /* Resources */,
			);
			buildRules = (
			);
			dependencies = (
				158DAC3C29E6CB780075B354 /* PBXTargetDependency */,
			);
			name = "MVP-Learning-1UITests";
			productName = "MVP-Learning-1UITests";
			productReference = 158DAC3A29E6CB780075B354 /* MVP-Learning-1UITests.xctest */;
			productType = "com.apple.product-type.bundle.ui-testing";
		};
/* End PBXNativeTarget section */

/* Begin PBXProject section */
		158DAC1229E6CB770075B354 /* Project object */ = {
			isa = PBXProject;
			attributes = {
				BuildIndependentTargetsInParallel = 1;
				LastSwiftUpdateCheck = 1420;
				LastUpgradeCheck = 1420;
				TargetAttributes = {
					158DAC1929E6CB770075B354 = {
						CreatedOnToolsVersion = 14.2;
					};
					158DAC2F29E6CB780075B354 = {
						CreatedOnToolsVersion = 14.2;
						TestTargetID = 158DAC1929E6CB770075B354;
					};
					158DAC3929E6CB780075B354 = {
						CreatedOnToolsVersion = 14.2;
						TestTargetID = 158DAC1929E6CB770075B354;
					};
				};
			};
			buildConfigurationList = 158DAC1529E6CB770075B354 /* Build configuration list for PBXProject "MVP-Learning-1" */;
			compatibilityVersion = "Xcode 14.0";
			developmentRegion = en;
			hasScannedForEncodings = 0;
			knownRegions = (
				en,
				Base,
			);
			mainGroup = 158DAC1129E6CB770075B354;
			productRefGroup = 158DAC1B29E6CB770075B354 /* Products */;
			projectDirPath = "";
			projectRoot = "";
			targets = (
				158DAC1929E6CB770075B354 /* MVP-Learning-1 */,
				158DAC2F29E6CB780075B354 /* MVP-Learning-1Tests */,
				158DAC3929E6CB780075B354 /* MVP-Learning-1UITests */,
			);
		};
/* End PBXProject section */

/* Begin PBXResourcesBuildPhase section */
		158DAC1829E6CB770075B354 /* Resources */ = {
			isa = PBXResourcesBuildPhase;
			buildActionMask = 2147483647;
			files = (
				158DAC2A29E6CB780075B354 /* LaunchScreen.storyboard in Resources */,
				158DAC5C29E6D8F30075B354 /* View.xib in Resources */,
				158DAC5629E6CDA20075B354 /* MainView.xib in Resources */,
				158DAC2729E6CB780075B354 /* Assets.xcassets in Resources */,
				158DAC2529E6CB770075B354 /* Main.storyboard in Resources */,
			);
			runOnlyForDeploymentPostprocessing = 0;
		};
		158DAC2E29E6CB780075B354 /* Resources */ = {
			isa = PBXResourcesBuildPhase;
			buildActionMask = 2147483647;
			files = (
			);
			runOnlyForDeploymentPostprocessing = 0;
		};
		158DAC3829E6CB780075B354 /* Resources */ = {
			isa = PBXResourcesBuildPhase;
			buildActionMask = 2147483647;
			files = (
			);
			runOnlyForDeploymentPostprocessing = 0;
		};
/* End PBXResourcesBuildPhase section */

/* Begin PBXSourcesBuildPhase section */
		158DAC1629E6CB770075B354 /* Sources */ = {
			isa = PBXSourcesBuildPhase;
			buildActionMask = 2147483647;
			files = (
				158DAC5229E6CBFD0075B354 /* People.swift in Sources */,
				158DAC2229E6CB770075B354 /* MainViewController.swift in Sources */,
				158DAC1E29E6CB770075B354 /* AppDelegate.swift in Sources */,
				158DAC5A29E6D7560075B354 /* MainTableViewCell.swift in Sources */,
				158DAC2029E6CB770075B354 /* SceneDelegate.swift in Sources */,
				158DAC5429E6CC2E0075B354 /* Presenter.swift in Sources */,
				158DAC5829E6D2550075B354 /* Builder.swift in Sources */,
			);
			runOnlyForDeploymentPostprocessing = 0;
		};
		158DAC2C29E6CB780075B354 /* Sources */ = {
			isa = PBXSourcesBuildPhase;
			buildActionMask = 2147483647;
			files = (
				158DAC3529E6CB780075B354 /* MVP_Learning_1Tests.swift in Sources */,
			);
			runOnlyForDeploymentPostprocessing = 0;
		};
		158DAC3629E6CB780075B354 /* Sources */ = {
			isa = PBXSourcesBuildPhase;
			buildActionMask = 2147483647;
			files = (
				158DAC4129E6CB780075B354 /* MVP_Learning_1UITestsLaunchTests.swift in Sources */,
				158DAC3F29E6CB780075B354 /* MVP_Learning_1UITests.swift in Sources */,
			);
			runOnlyForDeploymentPostprocessing = 0;
		};
/* End PBXSourcesBuildPhase section */

/* Begin PBXTargetDependency section */
		158DAC3229E6CB780075B354 /* PBXTargetDependency */ = {
			isa = PBXTargetDependency;
			target = 158DAC1929E6CB770075B354 /* MVP-Learning-1 */;
			targetProxy = 158DAC3129E6CB780075B354 /* PBXContainerItemProxy */;
		};
		158DAC3C29E6CB780075B354 /* PBXTargetDependency */ = {
			isa = PBXTargetDependency;
			target = 158DAC1929E6CB770075B354 /* MVP-Learning-1 */;
			targetProxy = 158DAC3B29E6CB780075B354 /* PBXContainerItemProxy */;
		};
/* End PBXTargetDependency section */

/* Begin PBXVariantGroup section */
		158DAC2329E6CB770075B354 /* Main.storyboard */ = {
			isa = PBXVariantGroup;
			children = (
				158DAC2429E6CB770075B354 /* Base */,
			);
			name = Main.storyboard;
			sourceTree = "<group>";
		};
		158DAC2829E6CB780075B354 /* LaunchScreen.storyboard */ = {
			isa = PBXVariantGroup;
			children = (
				158DAC2929E6CB780075B354 /* Base */,
			);
			name = LaunchScreen.storyboard;
			sourceTree = "<group>";
		};
/* End PBXVariantGroup section */

/* Begin XCBuildConfiguration section */
		158DAC4229E6CB780075B354 /* Debug */ = {
			isa = XCBuildConfiguration;
			buildSettings = {
				ALWAYS_SEARCH_USER_PATHS = NO;
				CLANG_ANALYZER_NONNULL = YES;
				CLANG_ANALYZER_NUMBER_OBJECT_CONVERSION = YES_AGGRESSIVE;
				CLANG_CXX_LANGUAGE_STANDARD = "gnu++20";
				CLANG_ENABLE_MODULES = YES;
				CLANG_ENABLE_OBJC_ARC = YES;
				CLANG_ENABLE_OBJC_WEAK = YES;
				CLANG_WARN_BLOCK_CAPTURE_AUTORELEASING = YES;
				CLANG_WARN_BOOL_CONVERSION = YES;
				CLANG_WARN_COMMA = YES;
				CLANG_WARN_CONSTANT_CONVERSION = YES;
				CLANG_WARN_DEPRECATED_OBJC_IMPLEMENTATIONS = YES;
				CLANG_WARN_DIRECT_OBJC_ISA_USAGE = YES_ERROR;
				CLANG_WARN_DOCUMENTATION_COMMENTS = YES;
				CLANG_WARN_EMPTY_BODY = YES;
				CLANG_WARN_ENUM_CONVERSION = YES;
				CLANG_WARN_INFINITE_RECURSION = YES;
				CLANG_WARN_INT_CONVERSION = YES;
				CLANG_WARN_NON_LITERAL_NULL_CONVERSION = YES;
				CLANG_WARN_OBJC_IMPLICIT_RETAIN_SELF = YES;
				CLANG_WARN_OBJC_LITERAL_CONVERSION = YES;
				CLANG_WARN_OBJC_ROOT_CLASS = YES_ERROR;
				CLANG_WARN_QUOTED_INCLUDE_IN_FRAMEWORK_HEADER = YES;
				CLANG_WARN_RANGE_LOOP_ANALYSIS = YES;
				CLANG_WARN_STRICT_PROTOTYPES = YES;
				CLANG_WARN_SUSPICIOUS_MOVE = YES;
				CLANG_WARN_UNGUARDED_AVAILABILITY = YES_AGGRESSIVE;
				CLANG_WARN_UNREACHABLE_CODE = YES;
				CLANG_WARN__DUPLICATE_METHOD_MATCH = YES;
				COPY_PHASE_STRIP = NO;
				DEBUG_INFORMATION_FORMAT = dwarf;
				ENABLE_STRICT_OBJC_MSGSEND = YES;
				ENABLE_TESTABILITY = YES;
				GCC_C_LANGUAGE_STANDARD = gnu11;
				GCC_DYNAMIC_NO_PIC = NO;
				GCC_NO_COMMON_BLOCKS = YES;
				GCC_OPTIMIZATION_LEVEL = 0;
				GCC_PREPROCESSOR_DEFINITIONS = (
					"DEBUG=1",
					"$(inherited)",
				);
				GCC_WARN_64_TO_32_BIT_CONVERSION = YES;
				GCC_WARN_ABOUT_RETURN_TYPE = YES_ERROR;
				GCC_WARN_UNDECLARED_SELECTOR = YES;
				GCC_WARN_UNINITIALIZED_AUTOS = YES_AGGRESSIVE;
				GCC_WARN_UNUSED_FUNCTION = YES;
				GCC_WARN_UNUSED_VARIABLE = YES;
				IPHONEOS_DEPLOYMENT_TARGET = 16.2;
				MTL_ENABLE_DEBUG_INFO = INCLUDE_SOURCE;
				MTL_FAST_MATH = YES;
				ONLY_ACTIVE_ARCH = YES;
				SDKROOT = iphoneos;
				SWIFT_ACTIVE_COMPILATION_CONDITIONS = DEBUG;
				SWIFT_OPTIMIZATION_LEVEL = "-Onone";
			};
			name = Debug;
		};
		158DAC4329E6CB780075B354 /* Release */ = {
			isa = XCBuildConfiguration;
			buildSettings = {
				ALWAYS_SEARCH_USER_PATHS = NO;
				CLANG_ANALYZER_NONNULL = YES;
				CLANG_ANALYZER_NUMBER_OBJECT_CONVERSION = YES_AGGRESSIVE;
				CLANG_CXX_LANGUAGE_STANDARD = "gnu++20";
				CLANG_ENABLE_MODULES = YES;
				CLANG_ENABLE_OBJC_ARC = YES;
				CLANG_ENABLE_OBJC_WEAK = YES;
				CLANG_WARN_BLOCK_CAPTURE_AUTORELEASING = YES;
				CLANG_WARN_BOOL_CONVERSION = YES;
				CLANG_WARN_COMMA = YES;
				CLANG_WARN_CONSTANT_CONVERSION = YES;
				CLANG_WARN_DEPRECATED_OBJC_IMPLEMENTATIONS = YES;
				CLANG_WARN_DIRECT_OBJC_ISA_USAGE = YES_ERROR;
				CLANG_WARN_DOCUMENTATION_COMMENTS = YES;
				CLANG_WARN_EMPTY_BODY = YES;
				CLANG_WARN_ENUM_CONVERSION = YES;
				CLANG_WARN_INFINITE_RECURSION = YES;
				CLANG_WARN_INT_CONVERSION = YES;
				CLANG_WARN_NON_LITERAL_NULL_CONVERSION = YES;
				CLANG_WARN_OBJC_IMPLICIT_RETAIN_SELF = YES;
				CLANG_WARN_OBJC_LITERAL_CONVERSION = YES;
				CLANG_WARN_OBJC_ROOT_CLASS = YES_ERROR;
				CLANG_WARN_QUOTED_INCLUDE_IN_FRAMEWORK_HEADER = YES;
				CLANG_WARN_RANGE_LOOP_ANALYSIS = YES;
				CLANG_WARN_STRICT_PROTOTYPES = YES;
				CLANG_WARN_SUSPICIOUS_MOVE = YES;
				CLANG_WARN_UNGUARDED_AVAILABILITY = YES_AGGRESSIVE;
				CLANG_WARN_UNREACHABLE_CODE = YES;
				CLANG_WARN__DUPLICATE_METHOD_MATCH = YES;
				COPY_PHASE_STRIP = NO;
				DEBUG_INFORMATION_FORMAT = "dwarf-with-dsym";
				ENABLE_NS_ASSERTIONS = NO;
				ENABLE_STRICT_OBJC_MSGSEND = YES;
				GCC_C_LANGUAGE_STANDARD = gnu11;
				GCC_NO_COMMON_BLOCKS = YES;
				GCC_WARN_64_TO_32_BIT_CONVERSION = YES;
				GCC_WARN_ABOUT_RETURN_TYPE = YES_ERROR;
				GCC_WARN_UNDECLARED_SELECTOR = YES;
				GCC_WARN_UNINITIALIZED_AUTOS = YES_AGGRESSIVE;
				GCC_WARN_UNUSED_FUNCTION = YES;
				GCC_WARN_UNUSED_VARIABLE = YES;
				IPHONEOS_DEPLOYMENT_TARGET = 16.2;
				MTL_ENABLE_DEBUG_INFO = NO;
				MTL_FAST_MATH = YES;
				SDKROOT = iphoneos;
				SWIFT_COMPILATION_MODE = wholemodule;
				SWIFT_OPTIMIZATION_LEVEL = "-O";
				VALIDATE_PRODUCT = YES;
			};
			name = Release;
		};
		158DAC4529E6CB780075B354 /* Debug */ = {
			isa = XCBuildConfiguration;
			buildSettings = {
				ASSETCATALOG_COMPILER_APPICON_NAME = AppIcon;
				ASSETCATALOG_COMPILER_GLOBAL_ACCENT_COLOR_NAME = AccentColor;
				CODE_SIGN_STYLE = Automatic;
				CURRENT_PROJECT_VERSION = 1;
				DEVELOPMENT_TEAM = 7MZ9N552P6;
				GENERATE_INFOPLIST_FILE = YES;
				INFOPLIST_FILE = "MVP-Learning-1/Info.plist";
				INFOPLIST_KEY_UIApplicationSupportsIndirectInputEvents = YES;
				INFOPLIST_KEY_UILaunchStoryboardName = LaunchScreen;
				INFOPLIST_KEY_UIMainStoryboardFile = Main;
				INFOPLIST_KEY_UISupportedInterfaceOrientations_iPad = "UIInterfaceOrientationPortrait UIInterfaceOrientationPortraitUpsideDown UIInterfaceOrientationLandscapeLeft UIInterfaceOrientationLandscapeRight";
				INFOPLIST_KEY_UISupportedInterfaceOrientations_iPhone = "UIInterfaceOrientationPortrait UIInterfaceOrientationLandscapeLeft UIInterfaceOrientationLandscapeRight";
				LD_RUNPATH_SEARCH_PATHS = (
					"$(inherited)",
					"@executable_path/Frameworks",
				);
				MARKETING_VERSION = 1.0;
				PRODUCT_BUNDLE_IDENTIFIER = "app-xcode-450.MVP-Learning-1";
				PRODUCT_NAME = "$(TARGET_NAME)";
				SWIFT_EMIT_LOC_STRINGS = YES;
				SWIFT_VERSION = 5.0;
				TARGETED_DEVICE_FAMILY = "1,2";
			};
			name = Debug;
		};
		158DAC4629E6CB780075B354 /* Release */ = {
			isa = XCBuildConfiguration;
			buildSettings = {
				ASSETCATALOG_COMPILER_APPICON_NAME = AppIcon;
				ASSETCATALOG_COMPILER_GLOBAL_ACCENT_COLOR_NAME = AccentColor;
				CODE_SIGN_STYLE = Automatic;
				CURRENT_PROJECT_VERSION = 1;
				DEVELOPMENT_TEAM = 7MZ9N552P6;
				GENERATE_INFOPLIST_FILE = YES;
				INFOPLIST_FILE = "MVP-Learning-1/Info.plist";
				INFOPLIST_KEY_UIApplicationSupportsIndirectInputEvents = YES;
				INFOPLIST_KEY_UILaunchStoryboardName = LaunchScreen;
				INFOPLIST_KEY_UIMainStoryboardFile = Main;
				INFOPLIST_KEY_UISupportedInterfaceOrientations_iPad = "UIInterfaceOrientationPortrait UIInterfaceOrientationPortraitUpsideDown UIInterfaceOrientationLandscapeLeft UIInterfaceOrientationLandscapeRight";
				INFOPLIST_KEY_UISupportedInterfaceOrientations_iPhone = "UIInterfaceOrientationPortrait UIInterfaceOrientationLandscapeLeft UIInterfaceOrientationLandscapeRight";
				LD_RUNPATH_SEARCH_PATHS = (
					"$(inherited)",
					"@executable_path/Frameworks",
				);
				MARKETING_VERSION = 1.0;
				PRODUCT_BUNDLE_IDENTIFIER = "app-xcode-450.MVP-Learning-1";
				PRODUCT_NAME = "$(TARGET_NAME)";
				SWIFT_EMIT_LOC_STRINGS = YES;
				SWIFT_VERSION = 5.0;
				TARGETED_DEVICE_FAMILY = "1,2";
			};
			name = Release;
		};
		158DAC4829E6CB780075B354 /* Debug */ = {
			isa = XCBuildConfiguration;
			buildSettings = {
				ALWAYS_EMBED_SWIFT_STANDARD_LIBRARIES = YES;
				BUNDLE_LOADER = "$(TEST_HOST)";
				CODE_SIGN_STYLE = Automatic;
				CURRENT_PROJECT_VERSION = 1;
				DEVELOPMENT_TEAM = 7MZ9N552P6;
				GENERATE_INFOPLIST_FILE = YES;
				IPHONEOS_DEPLOYMENT_TARGET = 16.2;
				MARKETING_VERSION = 1.0;
				PRODUCT_BUNDLE_IDENTIFIER = "app-xcode-450.MVP-Learning-1Tests";
				PRODUCT_NAME = "$(TARGET_NAME)";
				SWIFT_EMIT_LOC_STRINGS = NO;
				SWIFT_VERSION = 5.0;
				TARGETED_DEVICE_FAMILY = "1,2";
				TEST_HOST = "$(BUILT_PRODUCTS_DIR)/MVP-Learning-1.app/$(BUNDLE_EXECUTABLE_FOLDER_PATH)/MVP-Learning-1";
			};
			name = Debug;
		};
		158DAC4929E6CB780075B354 /* Release */ = {
			isa = XCBuildConfiguration;
			buildSettings = {
				ALWAYS_EMBED_SWIFT_STANDARD_LIBRARIES = YES;
				BUNDLE_LOADER = "$(TEST_HOST)";
				CODE_SIGN_STYLE = Automatic;
				CURRENT_PROJECT_VERSION = 1;
				DEVELOPMENT_TEAM = 7MZ9N552P6;
				GENERATE_INFOPLIST_FILE = YES;
				IPHONEOS_DEPLOYMENT_TARGET = 16.2;
				MARKETING_VERSION = 1.0;
				PRODUCT_BUNDLE_IDENTIFIER = "app-xcode-450.MVP-Learning-1Tests";
				PRODUCT_NAME = "$(TARGET_NAME)";
				SWIFT_EMIT_LOC_STRINGS = NO;
				SWIFT_VERSION = 5.0;
				TARGETED_DEVICE_FAMILY = "1,2";
				TEST_HOST = "$(BUILT_PRODUCTS_DIR)/MVP-Learning-1.app/$(BUNDLE_EXECUTABLE_FOLDER_PATH)/MVP-Learning-1";
			};
			name = Release;
		};
		158DAC4B29E6CB780075B354 /* Debug */ = {
			isa = XCBuildConfiguration;
			buildSettings = {
				ALWAYS_EMBED_SWIFT_STANDARD_LIBRARIES = YES;
				CODE_SIGN_STYLE = Automatic;
				CURRENT_PROJECT_VERSION = 1;
				DEVELOPMENT_TEAM = 7MZ9N552P6;
				GENERATE_INFOPLIST_FILE = YES;
				MARKETING_VERSION = 1.0;
				PRODUCT_BUNDLE_IDENTIFIER = "app-xcode-450.MVP-Learning-1UITests";
				PRODUCT_NAME = "$(TARGET_NAME)";
				SWIFT_EMIT_LOC_STRINGS = NO;
				SWIFT_VERSION = 5.0;
				TARGETED_DEVICE_FAMILY = "1,2";
				TEST_TARGET_NAME = "MVP-Learning-1";
			};
			name = Debug;
		};
		158DAC4C29E6CB780075B354 /* Release */ = {
			isa = XCBuildConfiguration;
			buildSettings = {
				ALWAYS_EMBED_SWIFT_STANDARD_LIBRARIES = YES;
				CODE_SIGN_STYLE = Automatic;
				CURRENT_PROJECT_VERSION = 1;
				DEVELOPMENT_TEAM = 7MZ9N552P6;
				GENERATE_INFOPLIST_FILE = YES;
				MARKETING_VERSION = 1.0;
				PRODUCT_BUNDLE_IDENTIFIER = "app-xcode-450.MVP-Learning-1UITests";
				PRODUCT_NAME = "$(TARGET_NAME)";
				SWIFT_EMIT_LOC_STRINGS = NO;
				SWIFT_VERSION = 5.0;
				TARGETED_DEVICE_FAMILY = "1,2";
				TEST_TARGET_NAME = "MVP-Learning-1";
			};
			name = Release;
		};
/* End XCBuildConfiguration section */

/* Begin XCConfigurationList section */
		158DAC1529E6CB770075B354 /* Build configuration list for PBXProject "MVP-Learning-1" */ = {
			isa = XCConfigurationList;
			buildConfigurations = (
				158DAC4229E6CB780075B354 /* Debug */,
				158DAC4329E6CB780075B354 /* Release */,
			);
			defaultConfigurationIsVisible = 0;
			defaultConfigurationName = Release;
		};
		158DAC4429E6CB780075B354 /* Build configuration list for PBXNativeTarget "MVP-Learning-1" */ = {
			isa = XCConfigurationList;
			buildConfigurations = (
				158DAC4529E6CB780075B354 /* Debug */,
				158DAC4629E6CB780075B354 /* Release */,
			);
			defaultConfigurationIsVisible = 0;
			defaultConfigurationName = Release;
		};
		158DAC4729E6CB780075B354 /* Build configuration list for PBXNativeTarget "MVP-Learning-1Tests" */ = {
			isa = XCConfigurationList;
			buildConfigurations = (
				158DAC4829E6CB780075B354 /* Debug */,
				158DAC4929E6CB780075B354 /* Release */,
			);
			defaultConfigurationIsVisible = 0;
			defaultConfigurationName = Release;
		};
		158DAC4A29E6CB780075B354 /* Build configuration list for PBXNativeTarget "MVP-Learning-1UITests" */ = {
			isa = XCConfigurationList;
			buildConfigurations = (
				158DAC4B29E6CB780075B354 /* Debug */,
				158DAC4C29E6CB780075B354 /* Release */,
			);
			defaultConfigurationIsVisible = 0;
			defaultConfigurationName = Release;
		};
/* End XCConfigurationList section */
	};
	rootObject = 158DAC1229E6CB770075B354 /* Project object */;
}
